
Microsoft Visual Studio Solution File, Format Version 12.00
# Visual Studio Version 17
VisualStudioVersion = 17.2.32602.215
MinimumVisualStudioVersion = 10.0.40219.1
Project("{FAE04EC0-301F-11D3-BF4B-00C04F79EFBC}") = "CalculatorProgram", "CalculatorProgram\CalculatorProgram.csproj", "{9029AAA9-DBDA-480D-ADDB-672B8D3BC4F3}"
EndProject
Global
	GlobalSection(SolutionConfigurationPlatforms) = preSolution
		Debug|Any CPU = Debug|Any CPU
		Release|Any CPU = Release|Any CPU
	EndGlobalSection
	GlobalSection(ProjectConfigurationPlatforms) = postSolution
		{9029AAA9-DBDA-480D-ADDB-672B8D3BC4F3}.Debug|Any CPU.ActiveCfg = Debug|Any CPU
		{9029AAA9-DBDA-480D-ADDB-672B8D3BC4F3}.Debug|Any CPU.Build.0 = Debug|Any CPU
		{9029AAA9-DBDA-480D-ADDB-672B8D3BC4F3}.Release|Any CPU.ActiveCfg = Release|Any CPU
		{9029AAA9-DBDA-480D-ADDB-672B8D3BC4F3}.Release|Any CPU.Build.0 = Release|Any CPU
	EndGlobalSection
	GlobalSection(SolutionProperties) = preSolution
		HideSolutionNode = FALSE
	EndGlobalSection
	GlobalSection(ExtensibilityGlobals) = postSolution
		SolutionGuid = {691B0903-87B4-40C2-BC45-35FBAE01D279}
	EndGlobalSection
EndGlobal
